
Microsoft Visual Studio Solution File, Format Version 12.00
# Visual Studio Version 16
VisualStudioVersion = 16.0.30717.126
MinimumVisualStudioVersion = 10.0.40219.1
Project("{9A19103F-16F7-4668-BE54-9A1E7A4F7556}") = "Patterns", "Patterns\Patterns.csproj", "{824CC176-D6F8-4390-87B6-A00FC10B300C}"
EndProject
Project("{9A19103F-16F7-4668-BE54-9A1E7A4F7556}") = "Api", "Api\Api.csproj", "{6DCF391B-EBA7-43DC-A0A0-0055E9205A62}"
EndProject
Project("{FAE04EC0-301F-11D3-BF4B-00C04F79EFBC}") = "EndPoint", "EndPoint\EndPoint.csproj", "{C16DCAF4-74D1-445F-AF3B-979F2CDE3554}"
EndProject
Global
	GlobalSection(SolutionConfigurationPlatforms) = preSolution
		Debug|Any CPU = Debug|Any CPU
		Release|Any CPU = Release|Any CPU
	EndGlobalSection
	GlobalSection(ProjectConfigurationPlatforms) = postSolution
		{824CC176-D6F8-4390-87B6-A00FC10B300C}.Debug|Any CPU.ActiveCfg = Debug|Any CPU
		{824CC176-D6F8-4390-87B6-A00FC10B300C}.Debug|Any CPU.Build.0 = Debug|Any CPU
		{824CC176-D6F8-4390-87B6-A00FC10B300C}.Release|Any CPU.ActiveCfg = Release|Any CPU
		{824CC176-D6F8-4390-87B6-A00FC10B300C}.Release|Any CPU.Build.0 = Release|Any CPU
		{6DCF391B-EBA7-43DC-A0A0-0055E9205A62}.Debug|Any CPU.ActiveCfg = Debug|Any CPU
		{6DCF391B-EBA7-43DC-A0A0-0055E9205A62}.Debug|Any CPU.Build.0 = Debug|Any CPU
		{6DCF391B-EBA7-43DC-A0A0-0055E9205A62}.Release|Any CPU.ActiveCfg = Release|Any CPU
		{6DCF391B-EBA7-43DC-A0A0-0055E9205A62}.Release|Any CPU.Build.0 = Release|Any CPU
		{C16DCAF4-74D1-445F-AF3B-979F2CDE3554}.Debug|Any CPU.ActiveCfg = Debug|Any CPU
		{C16DCAF4-74D1-445F-AF3B-979F2CDE3554}.Debug|Any CPU.Build.0 = Debug|Any CPU
		{C16DCAF4-74D1-445F-AF3B-979F2CDE3554}.Release|Any CPU.ActiveCfg = Release|Any CPU
		{C16DCAF4-74D1-445F-AF3B-979F2CDE3554}.Release|Any CPU.Build.0 = Release|Any CPU
	EndGlobalSection
	GlobalSection(SolutionProperties) = preSolution
		HideSolutionNode = FALSE
	EndGlobalSection
	GlobalSection(ExtensibilityGlobals) = postSolution
		SolutionGuid = {04F148D9-54A4-42AB-82A7-D03C9F1A1D87}
	EndGlobalSection
EndGlobal
